// !$*UTF8*$!
{
	archiveVersion = 1;
	classes = {
	};
	objectVersion = 46;
	objects = {

/* Begin PBXBuildFile section */
		EF974B5E1E93AE600077D62F /* AppDelegate.swift in Sources */ = {isa = PBXBuildFile; fileRef = EF974B5D1E93AE600077D62F /* AppDelegate.swift */; };
		EF974B601E93AE600077D62F /* ViewController.swift in Sources */ = {isa = PBXBuildFile; fileRef = EF974B5F1E93AE600077D62F /* ViewController.swift */; };
		EF974B631E93AE600077D62F /* Main.storyboard in Resources */ = {isa = PBXBuildFile; fileRef = EF974B611E93AE600077D62F /* Main.storyboard */; };
		EF974B651E93AE600077D62F /* Assets.xcassets in Resources */ = {isa = PBXBuildFile; fileRef = EF974B641E93AE600077D62F /* Assets.xcassets */; };
		EF974B681E93AE600077D62F /* LaunchScreen.storyboard in Resources */ = {isa = PBXBuildFile; fileRef = EF974B661E93AE600077D62F /* LaunchScreen.storyboard */; };
/* End PBXBuildFile section */

/* Begin PBXFileReference section */
		EF974B5A1E93AE600077D62F /* Network Demo.app */ = {isa = PBXFileReference; explicitFileType = wrapper.application; includeInIndex = 0; path = "Network Demo.app"; sourceTree = BUILT_PRODUCTS_DIR; };
		EF974B5D1E93AE600077D62F /* AppDelegate.swift */ = {isa = PBXFileReference; lastKnownFileType = sourcecode.swift; path = AppDelegate.swift; sourceTree = "<group>"; };
		EF974B5F1E93AE600077D62F /* ViewController.swift */ = {isa = PBXFileReference; lastKnownFileType = sourcecode.swift; path = ViewController.swift; sourceTree = "<group>"; };
		EF974B621E93AE600077D62F /* Base */ = {isa = PBXFileReference; lastKnownFileType = file.storyboard; name = Base; path = Base.lproj/Main.storyboard; sourceTree = "<group>"; };
		EF974B641E93AE600077D62F /* Assets.xcassets */ = {isa = PBXFileReference; lastKnownFileType = folder.assetcatalog; path = Assets.xcassets; sourceTree = "<group>"; };
		EF974B671E93AE600077D62F /* Base */ = {isa = PBXFileReference; lastKnownFileType = file.storyboard; name = Base; path = Base.lproj/LaunchScreen.storyboard; sourceTree = "<group>"; };
		EF974B691E93AE600077D62F /* Info.plist */ = {isa = PBXFileReference; lastKnownFileType = text.plist.xml; path = Info.plist; sourceTree = "<group>"; };
/* End PBXFileReference section */

/* Begin PBXFrameworksBuildPhase section */
		EF974B571E93AE600077D62F /* Frameworks */ = {
			isa = PBXFrameworksBuildPhase;
			buildActionMask = 2147483647;
			files = (
			);
			runOnlyForDeploymentPostprocessing = 0;
		};
/* End PBXFrameworksBuildPhase section */

/* Begin PBXGroup section */
		EF974B511E93AE600077D62F = {
			isa = PBXGroup;
			children = (
				EF974B5C1E93AE600077D62F /* Network Demo */,
				EF974B5B1E93AE600077D62F /* Products */,
			);
			sourceTree = "<group>";
		};
		EF974B5B1E93AE600077D62F /* Products */ = {
			isa = PBXGroup;
			children = (
				EF974B5A1E93AE600077D62F /* Network Demo.app */,
			);
			name = Products;
			sourceTree = "<group>";
		};
		EF974B5C1E93AE600077D62F /* Network Demo */ = {
			isa = PBXGroup;
			children = (
				EF974B5D1E93AE600077D62F /* AppDelegate.swift */,
				EF974B5F1E93AE600077D62F /* ViewController.swift */,
				EF974B611E93AE600077D62F /* Main.storyboard */,
				EF974B641E93AE600077D62F /* Assets.xcassets */,
				EF974B661E93AE600077D62F /* LaunchScreen.storyboard */,
				EF974B691E93AE600077D62F /* Info.plist */,
			);
			path = "Network Demo";
			sourceTree = "<group>";
		};
/* End PBXGroup section */

/* Begin PBXNativeTarget section */
		EF974B591E93AE600077D62F /* Network Demo */ = {
			isa = PBXNativeTarget;
			buildConfigurationList = EF974B6C1E93AE600077D62F /* Build configuration list for PBXNativeTarget "Network Demo" */;
			buildPhases = (
				EF974B561E93AE600077D62F /* Sources */,
				EF974B571E93AE600077D62F /* Frameworks */,
				EF974B581E93AE600077D62F /* Resources */,
			);
			buildRules = (
			);
			dependencies = (
			);
			name = "Network Demo";
			productName = "Network Demo";
			productReference = EF974B5A1E93AE600077D62F /* Network Demo.app */;
			productType = "com.apple.product-type.application";
		};
/* End PBXNativeTarget section */

/* Begin PBXProject section */
		EF974B521E93AE600077D62F /* Project object */ = {
			isa = PBXProject;
			attributes = {
				LastSwiftUpdateCheck = 0820;
				LastUpgradeCheck = 0820;
				ORGANIZATIONNAME = "Elon Rubin";
				TargetAttributes = {
					EF974B591E93AE600077D62F = {
						CreatedOnToolsVersion = 8.2.1;
						DevelopmentTeam = U7QG5FXY5E;
						ProvisioningStyle = Automatic;
					};
				};
			};
			buildConfigurationList = EF974B551E93AE600077D62F /* Build configuration list for PBXProject "Network Demo" */;
			compatibilityVersion = "Xcode 3.2";
			developmentRegion = English;
			hasScannedForEncodings = 0;
			knownRegions = (
				en,
				Base,
			);
			mainGroup = EF974B511E93AE600077D62F;
			productRefGroup = EF974B5B1E93AE600077D62F /* Products */;
			projectDirPath = "";
			projectRoot = "";
			targets = (
				EF974B591E93AE600077D62F /* Network Demo */,
			);
		};
/* End PBXProject section */

/* Begin PBXResourcesBuildPhase section */
		EF974B581E93AE600077D62F /* Resources */ = {
			isa = PBXResourcesBuildPhase;
			buildActionMask = 2147483647;
			files = (
				EF974B681E93AE600077D62F /* LaunchScreen.storyboard in Resources */,
				EF974B651E93AE600077D62F /* Assets.xcassets in Resources */,
				EF974B631E93AE600077D62F /* Main.storyboard in Resources */,
			);
			runOnlyForDeploymentPostprocessing = 0;
		};
/* End PBXResourcesBuildPhase section */

/* Begin PBXSourcesBuildPhase section */
		EF974B561E93AE600077D62F /* Sources */ = {
			isa = PBXSourcesBuildPhase;
			buildActionMask = 2147483647;
			files = (
				EF974B601E93AE600077D62F /* ViewController.swift in Sources */,
				EF974B5E1E93AE600077D62F /* AppDelegate.swift in Sources */,
			);
			runOnlyForDeploymentPostprocessing = 0;
		};
/* End PBXSourcesBuildPhase section */

/* Begin PBXVariantGroup section */
		EF974B611E93AE600077D62F /* Main.storyboard */ = {
			isa = PBXVariantGroup;
			children = (
				EF974B621E93AE600077D62F /* Base */,
			);
			name = Main.storyboard;
			sourceTree = "<group>";
		};
		EF974B661E93AE600077D62F /* LaunchScreen.storyboard */ = {
			isa = PBXVariantGroup;
			children = (
				EF974B671E93AE600077D62F /* Base */,
			);
			name = LaunchScreen.storyboard;
			sourceTree = "<group>";
		};
/* End PBXVariantGroup section */

/* Begin XCBuildConfiguration section */
		EF974B6A1E93AE600077D62F /* Debug */ = {
			isa = XCBuildConfiguration;
			buildSettings = {
				ALWAYS_SEARCH_USER_PATHS = NO;
				CLANG_ANALYZER_NONNULL = YES;
				CLANG_CXX_LANGUAGE_STANDARD = "gnu++0x";
				CLANG_CXX_LIBRARY = "libc++";
				CLANG_ENABLE_MODULES = YES;
				CLANG_ENABLE_OBJC_ARC = YES;
				CLANG_WARN_BOOL_CONVERSION = YES;
				CLANG_WARN_CONSTANT_CONVERSION = YES;
				CLANG_WARN_DIRECT_OBJC_ISA_USAGE = YES_ERROR;
				CLANG_WARN_DOCUMENTATION_COMMENTS = YES;
				CLANG_WARN_EMPTY_BODY = YES;
				CLANG_WARN_ENUM_CONVERSION = YES;
				CLANG_WARN_INFINITE_RECURSION = YES;
				CLANG_WARN_INT_CONVERSION = YES;
				CLANG_WARN_OBJC_ROOT_CLASS = YES_ERROR;
				CLANG_WARN_SUSPICIOUS_MOVE = YES;
				CLANG_WARN_UNREACHABLE_CODE = YES;
				CLANG_WARN__DUPLICATE_METHOD_MATCH = YES;
				"CODE_SIGN_IDENTITY[sdk=iphoneos*]" = "iPhone Developer";
				COPY_PHASE_STRIP = NO;
				DEBUG_INFORMATION_FORMAT = dwarf;
				ENABLE_STRICT_OBJC_MSGSEND = YES;
				ENABLE_TESTABILITY = YES;
				GCC_C_LANGUAGE_STANDARD = gnu99;
				GCC_DYNAMIC_NO_PIC = NO;
				GCC_NO_COMMON_BLOCKS = YES;
				GCC_OPTIMIZATION_LEVEL = 0;
				GCC_PREPROCESSOR_DEFINITIONS = (
					"DEBUG=1",
					"$(inherited)",
				);
				GCC_WARN_64_TO_32_BIT_CONVERSION = YES;
				GCC_WARN_ABOUT_RETURN_TYPE = YES_ERROR;
				GCC_WARN_UNDECLARED_SELECTOR = YES;
				GCC_WARN_UNINITIALIZED_AUTOS = YES_AGGRESSIVE;
				GCC_WARN_UNUSED_FUNCTION = YES;
				GCC_WARN_UNUSED_VARIABLE = YES;
				IPHONEOS_DEPLOYMENT_TARGET = 10.2;
				MTL_ENABLE_DEBUG_INFO = YES;
				ONLY_ACTIVE_ARCH = YES;
				SDKROOT = iphoneos;
				SWIFT_ACTIVE_COMPILATION_CONDITIONS = DEBUG;
				SWIFT_OPTIMIZATION_LEVEL = "-Onone";
			};
			name = Debug;
		};
		EF974B6B1E93AE600077D62F /* Release */ = {
			isa = XCBuildConfiguration;
			buildSettings = {
				ALWAYS_SEARCH_USER_PATHS = NO;
				CLANG_ANALYZER_NONNULL = YES;
				CLANG_CXX_LANGUAGE_STANDARD = "gnu++0x";
				CLANG_CXX_LIBRARY = "libc++";
				CLANG_ENABLE_MODULES = YES;
				CLANG_ENABLE_OBJC_ARC = YES;
				CLANG_WARN_BOOL_CONVERSION = YES;
				CLANG_WARN_CONSTANT_CONVERSION = YES;
				CLANG_WARN_DIRECT_OBJC_ISA_USAGE = YES_ERROR;
				CLANG_WARN_DOCUMENTATION_COMMENTS = YES;
				CLANG_WARN_EMPTY_BODY = YES;
				CLANG_WARN_ENUM_CONVERSION = YES;
				CLANG_WARN_INFINITE_RECURSION = YES;
				CLANG_WARN_INT_CONVERSION = YES;
				CLANG_WARN_OBJC_ROOT_CLASS = YES_ERROR;
				CLANG_WARN_SUSPICIOUS_MOVE = YES;
				CLANG_WARN_UNREACHABLE_CODE = YES;
				CLANG_WARN__DUPLICATE_METHOD_MATCH = YES;
				"CODE_SIGN_IDENTITY[sdk=iphoneos*]" = "iPhone Developer";
				COPY_PHASE_STRIP = NO;
				DEBUG_INFORMATION_FORMAT = "dwarf-with-dsym";
				ENABLE_NS_ASSERTIONS = NO;
				ENABLE_STRICT_OBJC_MSGSEND = YES;
				GCC_C_LANGUAGE_STANDARD = gnu99;
				GCC_NO_COMMON_BLOCKS = YES;
				GCC_WARN_64_TO_32_BIT_CONVERSION = YES;
				GCC_WARN_ABOUT_RETURN_TYPE = YES_ERROR;
				GCC_WARN_UNDECLARED_SELECTOR = YES;
				GCC_WARN_UNINITIALIZED_AUTOS = YES_AGGRESSIVE;
				GCC_WARN_UNUSED_FUNCTION = YES;
				GCC_WARN_UNUSED_VARIABLE = YES;
				IPHONEOS_DEPLOYMENT_TARGET = 10.2;
				MTL_ENABLE_DEBUG_INFO = NO;
				SDKROOT = iphoneos;
				SWIFT_OPTIMIZATION_LEVEL = "-Owholemodule";
				VALIDATE_PRODUCT = YES;
			};
			name = Release;
		};
		EF974B6D1E93AE600077D62F /* Debug */ = {
			isa = XCBuildConfiguration;
			buildSettings = {
				ASSETCATALOG_COMPILER_APPICON_NAME = AppIcon;
				DEVELOPMENT_TEAM = U7QG5FXY5E;
				INFOPLIST_FILE = "Network Demo/Info.plist";
				LD_RUNPATH_SEARCH_PATHS = "$(inherited) @executable_path/Frameworks";
				PRODUCT_BUNDLE_IDENTIFIER = "com.bsi.Network-Demo";
				PRODUCT_NAME = "$(TARGET_NAME)";
				SWIFT_VERSION = 3.0;
			};
			name = Debug;
		};
		EF974B6E1E93AE600077D62F /* Release */ = {
			isa = XCBuildConfiguration;
			buildSettings = {
				ASSETCATALOG_COMPILER_APPICON_NAME = AppIcon;
				DEVELOPMENT_TEAM = U7QG5FXY5E;
				INFOPLIST_FILE = "Network Demo/Info.plist";
				LD_RUNPATH_SEARCH_PATHS = "$(inherited) @executable_path/Frameworks";
				PRODUCT_BUNDLE_IDENTIFIER = "com.bsi.Network-Demo";
				PRODUCT_NAME = "$(TARGET_NAME)";
				SWIFT_VERSION = 3.0;
			};
			name = Release;
		};
/* End XCBuildConfiguration section */

/* Begin XCConfigurationList section */
		EF974B551E93AE600077D62F /* Build configuration list for PBXProject "Network Demo" */ = {
			isa = XCConfigurationList;
			buildConfigurations = (
				EF974B6A1E93AE600077D62F /* Debug */,
				EF974B6B1E93AE600077D62F /* Release */,
			);
			defaultConfigurationIsVisible = 0;
			defaultConfigurationName = Release;
		};
		EF974B6C1E93AE600077D62F /* Build configuration list for PBXNativeTarget "Network Demo" */ = {
			isa = XCConfigurationList;
			buildConfigurations = (
				EF974B6D1E93AE600077D62F /* Debug */,
				EF974B6E1E93AE600077D62F /* Release */,
			);
			defaultConfigurationIsVisible = 0;
		};
/* End XCConfigurationList section */
	};
	rootObject = EF974B521E93AE600077D62F /* Project object */;
}
